
Microsoft Visual Studio Solution File, Format Version 12.00
# Visual Studio Version 16
VisualStudioVersion = 16.0.29020.237
MinimumVisualStudioVersion = 10.0.40219.1
Project("{FAE04EC0-301F-11D3-BF4B-00C04F79EFBC}") = "Secret Barcode", "secret-barcode\secret-barcode.csproj", "{9495C9CA-A29B-477D-B6C4-D78EE4296367}"
EndProject
Global
	GlobalSection(SolutionConfigurationPlatforms) = preSolution
		Debug|Any CPU = Debug|Any CPU
		Release|Any CPU = Release|Any CPU
	EndGlobalSection
	GlobalSection(ProjectConfigurationPlatforms) = postSolution
		{9495C9CA-A29B-477D-B6C4-D78EE4296367}.Debug|Any CPU.ActiveCfg = Debug|Any CPU
		{9495C9CA-A29B-477D-B6C4-D78EE4296367}.Debug|Any CPU.Build.0 = Debug|Any CPU
		{9495C9CA-A29B-477D-B6C4-D78EE4296367}.Release|Any CPU.ActiveCfg = Release|Any CPU
		{9495C9CA-A29B-477D-B6C4-D78EE4296367}.Release|Any CPU.Build.0 = Release|Any CPU
	EndGlobalSection
	GlobalSection(SolutionProperties) = preSolution
		HideSolutionNode = FALSE
	EndGlobalSection
	GlobalSection(ExtensibilityGlobals) = postSolution
		SolutionGuid = {8BDE8822-96C8-4375-8AF8-AD601F4E2A2C}
	EndGlobalSection
EndGlobal
